
Microsoft Visual Studio Solution File, Format Version 12.00
# Visual Studio Version 16
VisualStudioVersion = 16.0.31729.503
MinimumVisualStudioVersion = 10.0.40219.1
Project("{FAE04EC0-301F-11D3-BF4B-00C04F79EFBC}") = "WebAppHR", "WebAppHR.csproj", "{CED45F6F-E4B9-4607-B2CC-B89020D81C84}"
EndProject
Global
	GlobalSection(SolutionConfigurationPlatforms) = preSolution
		Debug|Any CPU = Debug|Any CPU
		Release|Any CPU = Release|Any CPU
	EndGlobalSection
	GlobalSection(ProjectConfigurationPlatforms) = postSolution
		{CED45F6F-E4B9-4607-B2CC-B89020D81C84}.Debug|Any CPU.ActiveCfg = Debug|Any CPU
		{CED45F6F-E4B9-4607-B2CC-B89020D81C84}.Debug|Any CPU.Build.0 = Debug|Any CPU
		{CED45F6F-E4B9-4607-B2CC-B89020D81C84}.Release|Any CPU.ActiveCfg = Release|Any CPU
		{CED45F6F-E4B9-4607-B2CC-B89020D81C84}.Release|Any CPU.Build.0 = Release|Any CPU
	EndGlobalSection
	GlobalSection(SolutionProperties) = preSolution
		HideSolutionNode = FALSE
	EndGlobalSection
	GlobalSection(ExtensibilityGlobals) = postSolution
		SolutionGuid = {E8B2699A-79B5-45B5-B62C-C0DF582DFB85}
	EndGlobalSection
EndGlobal
